
Microsoft Visual Studio Solution File, Format Version 12.00
# Visual Studio Version 17
VisualStudioVersion = 17.2.32519.379
MinimumVisualStudioVersion = 10.0.40219.1
Project("{8BC9CEB8-8B4A-11D0-8D11-00A0C91BC942}") = "Silhouette", "Silhouette.vcxproj", "{6B8DE65C-3F5C-4486-9A60-1BD955831647}"
EndProject
Global
	GlobalSection(SolutionConfigurationPlatforms) = preSolution
		Debug|x64 = Debug|x64
		Debug|x86 = Debug|x86
		Release|x64 = Release|x64
		Release|x86 = Release|x86
	EndGlobalSection
	GlobalSection(ProjectConfigurationPlatforms) = postSolution
		{6B8DE65C-3F5C-4486-9A60-1BD955831647}.Debug|x64.ActiveCfg = Debug|x64
		{6B8DE65C-3F5C-4486-9A60-1BD955831647}.Debug|x64.Build.0 = Debug|x64
		{6B8DE65C-3F5C-4486-9A60-1BD955831647}.Debug|x86.ActiveCfg = Debug|Win32
		{6B8DE65C-3F5C-4486-9A60-1BD955831647}.Debug|x86.Build.0 = Debug|Win32
		{6B8DE65C-3F5C-4486-9A60-1BD955831647}.Release|x64.ActiveCfg = Release|x64
		{6B8DE65C-3F5C-4486-9A60-1BD955831647}.Release|x64.Build.0 = Release|x64
		{6B8DE65C-3F5C-4486-9A60-1BD955831647}.Release|x86.ActiveCfg = Release|Win32
		{6B8DE65C-3F5C-4486-9A60-1BD955831647}.Release|x86.Build.0 = Release|Win32
	EndGlobalSection
	GlobalSection(SolutionProperties) = preSolution
		HideSolutionNode = FALSE
	EndGlobalSection
	GlobalSection(ExtensibilityGlobals) = postSolution
		SolutionGuid = {FAA3358F-7ACF-4683-9142-3FF55ADA2FBE}
	EndGlobalSection
EndGlobal
