<?xml version="1.0" encoding="utf-8"?>
<Project ToolsVersion="4.0" xmlns="http://schemas.microsoft.com/developer/msbuild/2003">
  <ItemGroup>
    <Filter Include="Source Files">
      <UniqueIdentifier>{4FC737F1-C7A5-4376-A066-2A32D752A2FF}</UniqueIdentifier>
      <Extensions>cpp;c;cc;cxx;c++;cppm;ixx;def;odl;idl;hpj;bat;asm;asmx</Extensions>
    </Filter>
    <Filter Include="Header Files">
      <UniqueIdentifier>{93995380-89BD-4b04-88EB-625FBE52EBFB}</UniqueIdentifier>
      <Extensions>h;hh;hpp;hxx;h++;hm;inl;inc;ipp;xsd</Extensions>
    </Filter>
    <Filter Include="Resource Files">
      <UniqueIdentifier>{67DA6AB6-F800-4c08-8B7A-83BB121AAD01}</UniqueIdentifier>
      <Extensions>rc;ico;cur;bmp;dlg;rc2;rct;bin;rgs;gif;jpg;jpeg;jpe;resx;tiff;tif;png;wav;mfcribbon-ms</Extensions>
    </Filter>
  </ItemGroup>
  <ItemGroup>
    <ClCompile Include="Gameplay\WorldGrid\TilePatch.cpp">
      <Filter>Source Files</Filter>
    </ClCompile>
    <ClCompile Include="App\Main.cpp">
      <Filter>Source Files</Filter>
    </ClCompile>
    <ClCompile Include="App\AssetManager.cpp">
      <Filter>Source Files</Filter>
    </ClCompile>
    <ClCompile Include="App\GameApp.cpp">
      <Filter>Source Files</Filter>
    </ClCompile>
    <ClCompile Include="App\InputEventManager.cpp">
      <Filter>Source Files</Filter>
    </ClCompile>
    <ClCompile Include="Core\Event.cpp">
      <Filter>Source Files</Filter>
    </ClCompile>
    <ClCompile Include="Core\NameHash.cpp">
      <Filter>Source Files</Filter>
    </ClCompile>
    <ClCompile Include="Core\Reference.cpp">
      <Filter>Source Files</Filter>
    </ClCompile>
    <ClCompile Include="Util\Random.cpp">
      <Filter>Source Files</Filter>
    </ClCompile>
    <ClCompile Include="Gameplay\WorldGrid\WorldGrid.cpp">
      <Filter>Source Files</Filter>
    </ClCompile>
    <ClCompile Include="Gameplay\World.cpp">
      <Filter>Source Files</Filter>
    </ClCompile>
    <ClCompile Include="App\ShaderManager.cpp">
      <Filter>Source Files</Filter>
    </ClCompile>
    <ClCompile Include="Gameplay\WorldGrid\ObjectBucket.cpp">
      <Filter>Source Files</Filter>
    </ClCompile>
    <ClCompile Include="Gameplay\GameObject.cpp">
      <Filter>Source Files</Filter>
    </ClCompile>
    <ClCompile Include="Gameplay\GameSystem.cpp">
      <Filter>Source Files</Filter>
    </ClCompile>
    <ClCompile Include="Core\TypeInfo.cpp">
      <Filter>Source Files</Filter>
    </ClCompile>
    <ClCompile Include="Gameplay\WorldGrid\LoadWorld.cpp">
      <Filter>Source Files</Filter>
    </ClCompile>
  </ItemGroup>
  <ItemGroup>
    <None Include="Resources\Shaders\LightShader.frag">
      <Filter>Resource Files</Filter>
    </None>
    <None Include="Resources\Shaders\SimpleLight.frag" />
    <None Include="Resources\Shaders\LightShader.vert" />
  </ItemGroup>
  <ItemGroup>
    <ClInclude Include="Gameplay\WorldGrid\TilePatch.h">
      <Filter>Header Files</Filter>
    </ClInclude>
    <ClInclude Include="Gameplay\WorldGrid\Tileset.h">
      <Filter>Header Files</Filter>
    </ClInclude>
    <ClInclude Include="App\AssetManager.h">
      <Filter>Header Files</Filter>
    </ClInclude>
    <ClInclude Include="App\GameApp.h">
      <Filter>Header Files</Filter>
    </ClInclude>
    <ClInclude Include="App\InputEventManager.h">
      <Filter>Header Files</Filter>
    </ClInclude>
    <ClInclude Include="Core\Core.h">
      <Filter>Header Files</Filter>
    </ClInclude>
    <ClInclude Include="Core\Event.h">
      <Filter>Header Files</Filter>
    </ClInclude>
    <ClInclude Include="Core\NameHash.h">
      <Filter>Header Files</Filter>
    </ClInclude>
    <ClInclude Include="Core\Reference.h">
      <Filter>Header Files</Filter>
    </ClInclude>
    <ClInclude Include="Util\Math.h">
      <Filter>Header Files</Filter>
    </ClInclude>
    <ClInclude Include="Util\Random.h">
      <Filter>Header Files</Filter>
    </ClInclude>
    <ClInclude Include="Util\VectorUtil.h">
      <Filter>Header Files</Filter>
    </ClInclude>
    <ClInclude Include="Gameplay\WorldGrid\WorldGrid.h">
      <Filter>Header Files</Filter>
    </ClInclude>
    <ClInclude Include="Gameplay\WorldGrid\TileConstants.h">
      <Filter>Header Files</Filter>
    </ClInclude>
    <ClInclude Include="Core\BasicTypes.h">
      <Filter>Header Files</Filter>
    </ClInclude>
    <ClInclude Include="Gameplay\World.h">
      <Filter>Header Files</Filter>
    </ClInclude>
    <ClInclude Include="Util\Vec2.h">
      <Filter>Header Files</Filter>
    </ClInclude>
    <ClInclude Include="App\ShaderManager.h">
      <Filter>Header Files</Filter>
    </ClInclude>
    <ClInclude Include="Gameplay\Gameplay.h">
      <Filter>Header Files</Filter>
    </ClInclude>
    <ClInclude Include="Gameplay\GameObject.h">
      <Filter>Header Files</Filter>
    </ClInclude>
    <ClInclude Include="Gameplay\WorldGrid\ObjectBucket.h">
      <Filter>Header Files</Filter>
    </ClInclude>
    <ClInclude Include="Util\MapUtil.h">
      <Filter>Header Files</Filter>
    </ClInclude>
    <ClInclude Include="Gameplay\HitResult.h">
      <Filter>Header Files</Filter>
    </ClInclude>
    <ClInclude Include="Gameplay\GameSystem.h">
      <Filter>Header Files</Filter>
    </ClInclude>
    <ClInclude Include="Core\TypeInfo.h">
      <Filter>Header Files</Filter>
    </ClInclude>
    <ClInclude Include="Gameplay\WorldGrid\LoadWorld.h">
      <Filter>Header Files</Filter>
    </ClInclude>
  </ItemGroup>
</Project>